// !$*UTF8*$!
{
	archiveVersion = 1;
	classes = {
	};
	objectVersion = 56;
	objects = {

/* Begin PBXBuildFile section */
		7F18411A2AC8F5CA0046F338 /* PhotoNamerApp.swift in Sources */ = {isa = PBXBuildFile; fileRef = 7F1841192AC8F5CA0046F338 /* PhotoNamerApp.swift */; };
		7F18411C2AC8F5CA0046F338 /* ContentView.swift in Sources */ = {isa = PBXBuildFile; fileRef = 7F18411B2AC8F5CA0046F338 /* ContentView.swift */; };
		7F18411E2AC8F5CC0046F338 /* Assets.xcassets in Resources */ = {isa = PBXBuildFile; fileRef = 7F18411D2AC8F5CC0046F338 /* Assets.xcassets */; };
		7F1841212AC8F5CC0046F338 /* Preview Assets.xcassets in Resources */ = {isa = PBXBuildFile; fileRef = 7F1841202AC8F5CC0046F338 /* Preview Assets.xcassets */; };
		7F1841282AC8F9680046F338 /* ImagePicker.swift in Sources */ = {isa = PBXBuildFile; fileRef = 7F1841272AC8F9680046F338 /* ImagePicker.swift */; };
		7F447BDA2AC94135008A67B6 /* PhotoItem.swift in Sources */ = {isa = PBXBuildFile; fileRef = 7F447BD92AC94135008A67B6 /* PhotoItem.swift */; };
		7F447BDC2AC942E5008A67B6 /* ContentView-ViewModel.swift in Sources */ = {isa = PBXBuildFile; fileRef = 7F447BDB2AC942E5008A67B6 /* ContentView-ViewModel.swift */; };
		7F447BDE2AC946FA008A67B6 /* EditPhotoItemView.swift in Sources */ = {isa = PBXBuildFile; fileRef = 7F447BDD2AC946FA008A67B6 /* EditPhotoItemView.swift */; };
		7F4C36E82ACA234C00227418 /* FileManager-DocumentsDirectory.swift in Sources */ = {isa = PBXBuildFile; fileRef = 7F4C36E72ACA234C00227418 /* FileManager-DocumentsDirectory.swift */; };
		7F4C36EA2ACA4B1E00227418 /* PhotoItemDetailView.swift in Sources */ = {isa = PBXBuildFile; fileRef = 7F4C36E92ACA4B1E00227418 /* PhotoItemDetailView.swift */; };
		7F4C36EC2ACA4EE900227418 /* EditPhotoItemView-ViewModel.swift in Sources */ = {isa = PBXBuildFile; fileRef = 7F4C36EB2ACA4EE900227418 /* EditPhotoItemView-ViewModel.swift */; };
		7F4C36EE2ACA5C7400227418 /* LocationFetcher.swift in Sources */ = {isa = PBXBuildFile; fileRef = 7F4C36ED2ACA5C7400227418 /* LocationFetcher.swift */; };
		7F4C36F02ACA689000227418 /* PhotoItemMapView.swift in Sources */ = {isa = PBXBuildFile; fileRef = 7F4C36EF2ACA689000227418 /* PhotoItemMapView.swift */; };
		7F4C36F22ACA6CC000227418 /* PhotoItemMapView-ViewModel.swift in Sources */ = {isa = PBXBuildFile; fileRef = 7F4C36F12ACA6CBF00227418 /* PhotoItemMapView-ViewModel.swift */; };
/* End PBXBuildFile section */

/* Begin PBXFileReference section */
		7F1841162AC8F5CA0046F338 /* PhotoNamer.app */ = {isa = PBXFileReference; explicitFileType = wrapper.application; includeInIndex = 0; path = PhotoNamer.app; sourceTree = BUILT_PRODUCTS_DIR; };
		7F1841192AC8F5CA0046F338 /* PhotoNamerApp.swift */ = {isa = PBXFileReference; lastKnownFileType = sourcecode.swift; path = PhotoNamerApp.swift; sourceTree = "<group>"; };
		7F18411B2AC8F5CA0046F338 /* ContentView.swift */ = {isa = PBXFileReference; lastKnownFileType = sourcecode.swift; path = ContentView.swift; sourceTree = "<group>"; };
		7F18411D2AC8F5CC0046F338 /* Assets.xcassets */ = {isa = PBXFileReference; lastKnownFileType = folder.assetcatalog; path = Assets.xcassets; sourceTree = "<group>"; };
		7F1841202AC8F5CC0046F338 /* Preview Assets.xcassets */ = {isa = PBXFileReference; lastKnownFileType = folder.assetcatalog; path = "Preview Assets.xcassets"; sourceTree = "<group>"; };
		7F1841272AC8F9680046F338 /* ImagePicker.swift */ = {isa = PBXFileReference; lastKnownFileType = sourcecode.swift; path = ImagePicker.swift; sourceTree = "<group>"; };
		7F447BD92AC94135008A67B6 /* PhotoItem.swift */ = {isa = PBXFileReference; lastKnownFileType = sourcecode.swift; path = PhotoItem.swift; sourceTree = "<group>"; };
		7F447BDB2AC942E5008A67B6 /* ContentView-ViewModel.swift */ = {isa = PBXFileReference; lastKnownFileType = sourcecode.swift; path = "ContentView-ViewModel.swift"; sourceTree = "<group>"; };
		7F447BDD2AC946FA008A67B6 /* EditPhotoItemView.swift */ = {isa = PBXFileReference; lastKnownFileType = sourcecode.swift; path = EditPhotoItemView.swift; sourceTree = "<group>"; };
		7F4C36E72ACA234C00227418 /* FileManager-DocumentsDirectory.swift */ = {isa = PBXFileReference; lastKnownFileType = sourcecode.swift; path = "FileManager-DocumentsDirectory.swift"; sourceTree = "<group>"; };
		7F4C36E92ACA4B1E00227418 /* PhotoItemDetailView.swift */ = {isa = PBXFileReference; lastKnownFileType = sourcecode.swift; path = PhotoItemDetailView.swift; sourceTree = "<group>"; };
		7F4C36EB2ACA4EE900227418 /* EditPhotoItemView-ViewModel.swift */ = {isa = PBXFileReference; lastKnownFileType = sourcecode.swift; path = "EditPhotoItemView-ViewModel.swift"; sourceTree = "<group>"; };
		7F4C36ED2ACA5C7400227418 /* LocationFetcher.swift */ = {isa = PBXFileReference; lastKnownFileType = sourcecode.swift; path = LocationFetcher.swift; sourceTree = "<group>"; };
		7F4C36EF2ACA689000227418 /* PhotoItemMapView.swift */ = {isa = PBXFileReference; lastKnownFileType = sourcecode.swift; path = PhotoItemMapView.swift; sourceTree = "<group>"; };
		7F4C36F12ACA6CBF00227418 /* PhotoItemMapView-ViewModel.swift */ = {isa = PBXFileReference; lastKnownFileType = sourcecode.swift; path = "PhotoItemMapView-ViewModel.swift"; sourceTree = "<group>"; };
/* End PBXFileReference section */

/* Begin PBXFrameworksBuildPhase section */
		7F1841132AC8F5CA0046F338 /* Frameworks */ = {
			isa = PBXFrameworksBuildPhase;
			buildActionMask = 2147483647;
			files = (
			);
			runOnlyForDeploymentPostprocessing = 0;
		};
/* End PBXFrameworksBuildPhase section */

/* Begin PBXGroup section */
		7F18410D2AC8F5CA0046F338 = {
			isa = PBXGroup;
			children = (
				7F1841182AC8F5CA0046F338 /* PhotoNamer */,
				7F1841172AC8F5CA0046F338 /* Products */,
			);
			sourceTree = "<group>";
		};
		7F1841172AC8F5CA0046F338 /* Products */ = {
			isa = PBXGroup;
			children = (
				7F1841162AC8F5CA0046F338 /* PhotoNamer.app */,
			);
			name = Products;
			sourceTree = "<group>";
		};
		7F1841182AC8F5CA0046F338 /* PhotoNamer */ = {
			isa = PBXGroup;
			children = (
				7F1841192AC8F5CA0046F338 /* PhotoNamerApp.swift */,
				7F18411B2AC8F5CA0046F338 /* ContentView.swift */,
				7F4C36EF2ACA689000227418 /* PhotoItemMapView.swift */,
				7F4C36F12ACA6CBF00227418 /* PhotoItemMapView-ViewModel.swift */,
				7F447BD92AC94135008A67B6 /* PhotoItem.swift */,
				7F4C36ED2ACA5C7400227418 /* LocationFetcher.swift */,
				7F4C36E92ACA4B1E00227418 /* PhotoItemDetailView.swift */,
				7F447BDB2AC942E5008A67B6 /* ContentView-ViewModel.swift */,
				7F4C36E72ACA234C00227418 /* FileManager-DocumentsDirectory.swift */,
				7F447BDD2AC946FA008A67B6 /* EditPhotoItemView.swift */,
				7F4C36EB2ACA4EE900227418 /* EditPhotoItemView-ViewModel.swift */,
				7F1841272AC8F9680046F338 /* ImagePicker.swift */,
				7F18411D2AC8F5CC0046F338 /* Assets.xcassets */,
				7F18411F2AC8F5CC0046F338 /* Preview Content */,
			);
			path = PhotoNamer;
			sourceTree = "<group>";
		};
		7F18411F2AC8F5CC0046F338 /* Preview Content */ = {
			isa = PBXGroup;
			children = (
				7F1841202AC8F5CC0046F338 /* Preview Assets.xcassets */,
			);
			path = "Preview Content";
			sourceTree = "<group>";
		};
/* End PBXGroup section */

/* Begin PBXNativeTarget section */
		7F1841152AC8F5CA0046F338 /* PhotoNamer */ = {
			isa = PBXNativeTarget;
			buildConfigurationList = 7F1841242AC8F5CC0046F338 /* Build configuration list for PBXNativeTarget "PhotoNamer" */;
			buildPhases = (
				7F1841122AC8F5CA0046F338 /* Sources */,
				7F1841132AC8F5CA0046F338 /* Frameworks */,
				7F1841142AC8F5CA0046F338 /* Resources */,
			);
			buildRules = (
			);
			dependencies = (
			);
			name = PhotoNamer;
			productName = PhotoNamer;
			productReference = 7F1841162AC8F5CA0046F338 /* PhotoNamer.app */;
			productType = "com.apple.product-type.application";
		};
/* End PBXNativeTarget section */

/* Begin PBXProject section */
		7F18410E2AC8F5CA0046F338 /* Project object */ = {
			isa = PBXProject;
			attributes = {
				BuildIndependentTargetsInParallel = 1;
				LastSwiftUpdateCheck = 1430;
				LastUpgradeCheck = 1430;
				TargetAttributes = {
					7F1841152AC8F5CA0046F338 = {
						CreatedOnToolsVersion = 14.3.1;
					};
				};
			};
			buildConfigurationList = 7F1841112AC8F5CA0046F338 /* Build configuration list for PBXProject "PhotoNamer" */;
			compatibilityVersion = "Xcode 14.0";
			developmentRegion = en;
			hasScannedForEncodings = 0;
			knownRegions = (
				en,
				Base,
			);
			mainGroup = 7F18410D2AC8F5CA0046F338;
			productRefGroup = 7F1841172AC8F5CA0046F338 /* Products */;
			projectDirPath = "";
			projectRoot = "";
			targets = (
				7F1841152AC8F5CA0046F338 /* PhotoNamer */,
			);
		};
/* End PBXProject section */

/* Begin PBXResourcesBuildPhase section */
		7F1841142AC8F5CA0046F338 /* Resources */ = {
			isa = PBXResourcesBuildPhase;
			buildActionMask = 2147483647;
			files = (
				7F1841212AC8F5CC0046F338 /* Preview Assets.xcassets in Resources */,
				7F18411E2AC8F5CC0046F338 /* Assets.xcassets in Resources */,
			);
			runOnlyForDeploymentPostprocessing = 0;
		};
/* End PBXResourcesBuildPhase section */

/* Begin PBXSourcesBuildPhase section */
		7F1841122AC8F5CA0046F338 /* Sources */ = {
			isa = PBXSourcesBuildPhase;
			buildActionMask = 2147483647;
			files = (
				7F447BDA2AC94135008A67B6 /* PhotoItem.swift in Sources */,
				7F1841282AC8F9680046F338 /* ImagePicker.swift in Sources */,
				7F4C36EE2ACA5C7400227418 /* LocationFetcher.swift in Sources */,
				7F447BDC2AC942E5008A67B6 /* ContentView-ViewModel.swift in Sources */,
				7F4C36EA2ACA4B1E00227418 /* PhotoItemDetailView.swift in Sources */,
				7F18411C2AC8F5CA0046F338 /* ContentView.swift in Sources */,
				7F447BDE2AC946FA008A67B6 /* EditPhotoItemView.swift in Sources */,
				7F4C36F02ACA689000227418 /* PhotoItemMapView.swift in Sources */,
				7F4C36F22ACA6CC000227418 /* PhotoItemMapView-ViewModel.swift in Sources */,
				7F4C36E82ACA234C00227418 /* FileManager-DocumentsDirectory.swift in Sources */,
				7F4C36EC2ACA4EE900227418 /* EditPhotoItemView-ViewModel.swift in Sources */,
				7F18411A2AC8F5CA0046F338 /* PhotoNamerApp.swift in Sources */,
			);
			runOnlyForDeploymentPostprocessing = 0;
		};
/* End PBXSourcesBuildPhase section */

/* Begin XCBuildConfiguration section */
		7F1841222AC8F5CC0046F338 /* Debug */ = {
			isa = XCBuildConfiguration;
			buildSettings = {
				ALWAYS_SEARCH_USER_PATHS = NO;
				CLANG_ANALYZER_NONNULL = YES;
				CLANG_ANALYZER_NUMBER_OBJECT_CONVERSION = YES_AGGRESSIVE;
				CLANG_CXX_LANGUAGE_STANDARD = "gnu++20";
				CLANG_ENABLE_MODULES = YES;
				CLANG_ENABLE_OBJC_ARC = YES;
				CLANG_ENABLE_OBJC_WEAK = YES;
				CLANG_WARN_BLOCK_CAPTURE_AUTORELEASING = YES;
				CLANG_WARN_BOOL_CONVERSION = YES;
				CLANG_WARN_COMMA = YES;
				CLANG_WARN_CONSTANT_CONVERSION = YES;
				CLANG_WARN_DEPRECATED_OBJC_IMPLEMENTATIONS = YES;
				CLANG_WARN_DIRECT_OBJC_ISA_USAGE = YES_ERROR;
				CLANG_WARN_DOCUMENTATION_COMMENTS = YES;
				CLANG_WARN_EMPTY_BODY = YES;
				CLANG_WARN_ENUM_CONVERSION = YES;
				CLANG_WARN_INFINITE_RECURSION = YES;
				CLANG_WARN_INT_CONVERSION = YES;
				CLANG_WARN_NON_LITERAL_NULL_CONVERSION = YES;
				CLANG_WARN_OBJC_IMPLICIT_RETAIN_SELF = YES;
				CLANG_WARN_OBJC_LITERAL_CONVERSION = YES;
				CLANG_WARN_OBJC_ROOT_CLASS = YES_ERROR;
				CLANG_WARN_QUOTED_INCLUDE_IN_FRAMEWORK_HEADER = YES;
				CLANG_WARN_RANGE_LOOP_ANALYSIS = YES;
				CLANG_WARN_STRICT_PROTOTYPES = YES;
				CLANG_WARN_SUSPICIOUS_MOVE = YES;
				CLANG_WARN_UNGUARDED_AVAILABILITY = YES_AGGRESSIVE;
				CLANG_WARN_UNREACHABLE_CODE = YES;
				CLANG_WARN__DUPLICATE_METHOD_MATCH = YES;
				COPY_PHASE_STRIP = NO;
				DEBUG_INFORMATION_FORMAT = dwarf;
				ENABLE_STRICT_OBJC_MSGSEND = YES;
				ENABLE_TESTABILITY = YES;
				GCC_C_LANGUAGE_STANDARD = gnu11;
				GCC_DYNAMIC_NO_PIC = NO;
				GCC_NO_COMMON_BLOCKS = YES;
				GCC_OPTIMIZATION_LEVEL = 0;
				GCC_PREPROCESSOR_DEFINITIONS = (
					"DEBUG=1",
					"$(inherited)",
				);
				GCC_WARN_64_TO_32_BIT_CONVERSION = YES;
				GCC_WARN_ABOUT_RETURN_TYPE = YES_ERROR;
				GCC_WARN_UNDECLARED_SELECTOR = YES;
				GCC_WARN_UNINITIALIZED_AUTOS = YES_AGGRESSIVE;
				GCC_WARN_UNUSED_FUNCTION = YES;
				GCC_WARN_UNUSED_VARIABLE = YES;
				IPHONEOS_DEPLOYMENT_TARGET = 16.4;
				MTL_ENABLE_DEBUG_INFO = INCLUDE_SOURCE;
				MTL_FAST_MATH = YES;
				ONLY_ACTIVE_ARCH = YES;
				SDKROOT = iphoneos;
				SWIFT_ACTIVE_COMPILATION_CONDITIONS = DEBUG;
				SWIFT_OPTIMIZATION_LEVEL = "-Onone";
			};
			name = Debug;
		};
		7F1841232AC8F5CC0046F338 /* Release */ = {
			isa = XCBuildConfiguration;
			buildSettings = {
				ALWAYS_SEARCH_USER_PATHS = NO;
				CLANG_ANALYZER_NONNULL = YES;
				CLANG_ANALYZER_NUMBER_OBJECT_CONVERSION = YES_AGGRESSIVE;
				CLANG_CXX_LANGUAGE_STANDARD = "gnu++20";
				CLANG_ENABLE_MODULES = YES;
				CLANG_ENABLE_OBJC_ARC = YES;
				CLANG_ENABLE_OBJC_WEAK = YES;
				CLANG_WARN_BLOCK_CAPTURE_AUTORELEASING = YES;
				CLANG_WARN_BOOL_CONVERSION = YES;
				CLANG_WARN_COMMA = YES;
				CLANG_WARN_CONSTANT_CONVERSION = YES;
				CLANG_WARN_DEPRECATED_OBJC_IMPLEMENTATIONS = YES;
				CLANG_WARN_DIRECT_OBJC_ISA_USAGE = YES_ERROR;
				CLANG_WARN_DOCUMENTATION_COMMENTS = YES;
				CLANG_WARN_EMPTY_BODY = YES;
				CLANG_WARN_ENUM_CONVERSION = YES;
				CLANG_WARN_INFINITE_RECURSION = YES;
				CLANG_WARN_INT_CONVERSION = YES;
				CLANG_WARN_NON_LITERAL_NULL_CONVERSION = YES;
				CLANG_WARN_OBJC_IMPLICIT_RETAIN_SELF = YES;
				CLANG_WARN_OBJC_LITERAL_CONVERSION = YES;
				CLANG_WARN_OBJC_ROOT_CLASS = YES_ERROR;
				CLANG_WARN_QUOTED_INCLUDE_IN_FRAMEWORK_HEADER = YES;
				CLANG_WARN_RANGE_LOOP_ANALYSIS = YES;
				CLANG_WARN_STRICT_PROTOTYPES = YES;
				CLANG_WARN_SUSPICIOUS_MOVE = YES;
				CLANG_WARN_UNGUARDED_AVAILABILITY = YES_AGGRESSIVE;
				CLANG_WARN_UNREACHABLE_CODE = YES;
				CLANG_WARN__DUPLICATE_METHOD_MATCH = YES;
				COPY_PHASE_STRIP = NO;
				DEBUG_INFORMATION_FORMAT = "dwarf-with-dsym";
				ENABLE_NS_ASSERTIONS = NO;
				ENABLE_STRICT_OBJC_MSGSEND = YES;
				GCC_C_LANGUAGE_STANDARD = gnu11;
				GCC_NO_COMMON_BLOCKS = YES;
				GCC_WARN_64_TO_32_BIT_CONVERSION = YES;
				GCC_WARN_ABOUT_RETURN_TYPE = YES_ERROR;
				GCC_WARN_UNDECLARED_SELECTOR = YES;
				GCC_WARN_UNINITIALIZED_AUTOS = YES_AGGRESSIVE;
				GCC_WARN_UNUSED_FUNCTION = YES;
				GCC_WARN_UNUSED_VARIABLE = YES;
				IPHONEOS_DEPLOYMENT_TARGET = 16.4;
				MTL_ENABLE_DEBUG_INFO = NO;
				MTL_FAST_MATH = YES;
				SDKROOT = iphoneos;
				SWIFT_COMPILATION_MODE = wholemodule;
				SWIFT_OPTIMIZATION_LEVEL = "-O";
				VALIDATE_PRODUCT = YES;
			};
			name = Release;
		};
		7F1841252AC8F5CC0046F338 /* Debug */ = {
			isa = XCBuildConfiguration;
			buildSettings = {
				ASSETCATALOG_COMPILER_APPICON_NAME = AppIcon;
				ASSETCATALOG_COMPILER_GLOBAL_ACCENT_COLOR_NAME = AccentColor;
				CODE_SIGN_STYLE = Automatic;
				CURRENT_PROJECT_VERSION = 1;
				DEVELOPMENT_ASSET_PATHS = "\"PhotoNamer/Preview Content\"";
				ENABLE_PREVIEWS = YES;
				GENERATE_INFOPLIST_FILE = YES;
				INFOPLIST_KEY_NSLocationWhenInUseUsageDescription = "We need access to location";
				INFOPLIST_KEY_NSPhotoLibraryAddUsageDescription = "\"We need o access your photos\"";
				INFOPLIST_KEY_UIApplicationSceneManifest_Generation = YES;
				INFOPLIST_KEY_UIApplicationSupportsIndirectInputEvents = YES;
				INFOPLIST_KEY_UILaunchScreen_Generation = YES;
				INFOPLIST_KEY_UISupportedInterfaceOrientations_iPad = "UIInterfaceOrientationPortrait UIInterfaceOrientationPortraitUpsideDown UIInterfaceOrientationLandscapeLeft UIInterfaceOrientationLandscapeRight";
				INFOPLIST_KEY_UISupportedInterfaceOrientations_iPhone = "UIInterfaceOrientationPortrait UIInterfaceOrientationLandscapeLeft UIInterfaceOrientationLandscapeRight";
				LD_RUNPATH_SEARCH_PATHS = (
					"$(inherited)",
					"@executable_path/Frameworks",
				);
				MARKETING_VERSION = 1.0;
				PRODUCT_BUNDLE_IDENTIFIER = danielcamarena.PhotoNamer;
				PRODUCT_NAME = "$(TARGET_NAME)";
				SWIFT_EMIT_LOC_STRINGS = YES;
				SWIFT_VERSION = 5.0;
				TARGETED_DEVICE_FAMILY = "1,2";
			};
			name = Debug;
		};
		7F1841262AC8F5CC0046F338 /* Release */ = {
			isa = XCBuildConfiguration;
			buildSettings = {
				ASSETCATALOG_COMPILER_APPICON_NAME = AppIcon;
				ASSETCATALOG_COMPILER_GLOBAL_ACCENT_COLOR_NAME = AccentColor;
				CODE_SIGN_STYLE = Automatic;
				CURRENT_PROJECT_VERSION = 1;
				DEVELOPMENT_ASSET_PATHS = "\"PhotoNamer/Preview Content\"";
				ENABLE_PREVIEWS = YES;
				GENERATE_INFOPLIST_FILE = YES;
				INFOPLIST_KEY_NSLocationWhenInUseUsageDescription = "We need access to location";
				INFOPLIST_KEY_NSPhotoLibraryAddUsageDescription = "\"We need o access your photos\"";
				INFOPLIST_KEY_UIApplicationSceneManifest_Generation = YES;
				INFOPLIST_KEY_UIApplicationSupportsIndirectInputEvents = YES;
				INFOPLIST_KEY_UILaunchScreen_Generation = YES;
				INFOPLIST_KEY_UISupportedInterfaceOrientations_iPad = "UIInterfaceOrientationPortrait UIInterfaceOrientationPortraitUpsideDown UIInterfaceOrientationLandscapeLeft UIInterfaceOrientationLandscapeRight";
				INFOPLIST_KEY_UISupportedInterfaceOrientations_iPhone = "UIInterfaceOrientationPortrait UIInterfaceOrientationLandscapeLeft UIInterfaceOrientationLandscapeRight";
				LD_RUNPATH_SEARCH_PATHS = (
					"$(inherited)",
					"@executable_path/Frameworks",
				);
				MARKETING_VERSION = 1.0;
				PRODUCT_BUNDLE_IDENTIFIER = danielcamarena.PhotoNamer;
				PRODUCT_NAME = "$(TARGET_NAME)";
				SWIFT_EMIT_LOC_STRINGS = YES;
				SWIFT_VERSION = 5.0;
				TARGETED_DEVICE_FAMILY = "1,2";
			};
			name = Release;
		};
/* End XCBuildConfiguration section */

/* Begin XCConfigurationList section */
		7F1841112AC8F5CA0046F338 /* Build configuration list for PBXProject "PhotoNamer" */ = {
			isa = XCConfigurationList;
			buildConfigurations = (
				7F1841222AC8F5CC0046F338 /* Debug */,
				7F1841232AC8F5CC0046F338 /* Release */,
			);
			defaultConfigurationIsVisible = 0;
			defaultConfigurationName = Release;
		};
		7F1841242AC8F5CC0046F338 /* Build configuration list for PBXNativeTarget "PhotoNamer" */ = {
			isa = XCConfigurationList;
			buildConfigurations = (
				7F1841252AC8F5CC0046F338 /* Debug */,
				7F1841262AC8F5CC0046F338 /* Release */,
			);
			defaultConfigurationIsVisible = 0;
			defaultConfigurationName = Release;
		};
/* End XCConfigurationList section */
	};
	rootObject = 7F18410E2AC8F5CA0046F338 /* Project object */;
}
