// !$*UTF8*$!
{
	archiveVersion = 1;
	classes = {
	};
	objectVersion = 56;
	objects = {

/* Begin PBXBuildFile section */
		7F5123F62A806AE700B1A121 /* DetailView.swift in Sources */ = {isa = PBXBuildFile; fileRef = 7F5123F52A806AE700B1A121 /* DetailView.swift */; };
		7F5124032A8074CE00B1A121 /* DataController.swift in Sources */ = {isa = PBXBuildFile; fileRef = 7F5124022A8074CE00B1A121 /* DataController.swift */; };
		7F88504B2A807DFA006CBABC /* FriendFace.xcdatamodeld in Sources */ = {isa = PBXBuildFile; fileRef = 7F8850492A807DFA006CBABC /* FriendFace.xcdatamodeld */; };
		7F8850582A807EF5006CBABC /* CachedUser+CoreDataClass.swift in Sources */ = {isa = PBXBuildFile; fileRef = 7F8850542A807EF5006CBABC /* CachedUser+CoreDataClass.swift */; };
		7F8850592A807EF5006CBABC /* CachedUser+CoreDataProperties.swift in Sources */ = {isa = PBXBuildFile; fileRef = 7F8850552A807EF5006CBABC /* CachedUser+CoreDataProperties.swift */; };
		7F88505A2A807EF5006CBABC /* CachedFriend+CoreDataClass.swift in Sources */ = {isa = PBXBuildFile; fileRef = 7F8850562A807EF5006CBABC /* CachedFriend+CoreDataClass.swift */; };
		7F88505B2A807EF5006CBABC /* CachedFriend+CoreDataProperties.swift in Sources */ = {isa = PBXBuildFile; fileRef = 7F8850572A807EF5006CBABC /* CachedFriend+CoreDataProperties.swift */; };
		7FD636092A75A95B00BFF3D2 /* DataChallengeApp.swift in Sources */ = {isa = PBXBuildFile; fileRef = 7FD636082A75A95B00BFF3D2 /* DataChallengeApp.swift */; };
		7FD6360B2A75A95B00BFF3D2 /* ContentView.swift in Sources */ = {isa = PBXBuildFile; fileRef = 7FD6360A2A75A95B00BFF3D2 /* ContentView.swift */; };
		7FD6360D2A75A95C00BFF3D2 /* Assets.xcassets in Resources */ = {isa = PBXBuildFile; fileRef = 7FD6360C2A75A95C00BFF3D2 /* Assets.xcassets */; };
		7FD636102A75A95C00BFF3D2 /* Preview Assets.xcassets in Resources */ = {isa = PBXBuildFile; fileRef = 7FD6360F2A75A95C00BFF3D2 /* Preview Assets.xcassets */; };
		7FD636172A75AA4B00BFF3D2 /* UsersUtils.swift in Sources */ = {isa = PBXBuildFile; fileRef = 7FD636162A75AA4B00BFF3D2 /* UsersUtils.swift */; };
/* End PBXBuildFile section */

/* Begin PBXFileReference section */
		7F5123F52A806AE700B1A121 /* DetailView.swift */ = {isa = PBXFileReference; lastKnownFileType = sourcecode.swift; path = DetailView.swift; sourceTree = "<group>"; };
		7F5124022A8074CE00B1A121 /* DataController.swift */ = {isa = PBXFileReference; lastKnownFileType = sourcecode.swift; path = DataController.swift; sourceTree = "<group>"; };
		7F88504A2A807DFA006CBABC /* FriendFace.xcdatamodel */ = {isa = PBXFileReference; lastKnownFileType = wrapper.xcdatamodel; path = FriendFace.xcdatamodel; sourceTree = "<group>"; };
		7F8850542A807EF5006CBABC /* CachedUser+CoreDataClass.swift */ = {isa = PBXFileReference; lastKnownFileType = sourcecode.swift; path = "CachedUser+CoreDataClass.swift"; sourceTree = "<group>"; };
		7F8850552A807EF5006CBABC /* CachedUser+CoreDataProperties.swift */ = {isa = PBXFileReference; lastKnownFileType = sourcecode.swift; path = "CachedUser+CoreDataProperties.swift"; sourceTree = "<group>"; };
		7F8850562A807EF5006CBABC /* CachedFriend+CoreDataClass.swift */ = {isa = PBXFileReference; lastKnownFileType = sourcecode.swift; path = "CachedFriend+CoreDataClass.swift"; sourceTree = "<group>"; };
		7F8850572A807EF5006CBABC /* CachedFriend+CoreDataProperties.swift */ = {isa = PBXFileReference; lastKnownFileType = sourcecode.swift; path = "CachedFriend+CoreDataProperties.swift"; sourceTree = "<group>"; };
		7FD636052A75A95B00BFF3D2 /* DataChallenge.app */ = {isa = PBXFileReference; explicitFileType = wrapper.application; includeInIndex = 0; path = DataChallenge.app; sourceTree = BUILT_PRODUCTS_DIR; };
		7FD636082A75A95B00BFF3D2 /* DataChallengeApp.swift */ = {isa = PBXFileReference; lastKnownFileType = sourcecode.swift; path = DataChallengeApp.swift; sourceTree = "<group>"; };
		7FD6360A2A75A95B00BFF3D2 /* ContentView.swift */ = {isa = PBXFileReference; lastKnownFileType = sourcecode.swift; path = ContentView.swift; sourceTree = "<group>"; };
		7FD6360C2A75A95C00BFF3D2 /* Assets.xcassets */ = {isa = PBXFileReference; lastKnownFileType = folder.assetcatalog; path = Assets.xcassets; sourceTree = "<group>"; };
		7FD6360F2A75A95C00BFF3D2 /* Preview Assets.xcassets */ = {isa = PBXFileReference; lastKnownFileType = folder.assetcatalog; path = "Preview Assets.xcassets"; sourceTree = "<group>"; };
		7FD636162A75AA4B00BFF3D2 /* UsersUtils.swift */ = {isa = PBXFileReference; lastKnownFileType = sourcecode.swift; path = UsersUtils.swift; sourceTree = "<group>"; };
/* End PBXFileReference section */

/* Begin PBXFrameworksBuildPhase section */
		7FD636022A75A95B00BFF3D2 /* Frameworks */ = {
			isa = PBXFrameworksBuildPhase;
			buildActionMask = 2147483647;
			files = (
			);
			runOnlyForDeploymentPostprocessing = 0;
		};
/* End PBXFrameworksBuildPhase section */

/* Begin PBXGroup section */
		7FD635FC2A75A95B00BFF3D2 = {
			isa = PBXGroup;
			children = (
				7FD636072A75A95B00BFF3D2 /* DataChallenge */,
				7FD636062A75A95B00BFF3D2 /* Products */,
			);
			sourceTree = "<group>";
		};
		7FD636062A75A95B00BFF3D2 /* Products */ = {
			isa = PBXGroup;
			children = (
				7FD636052A75A95B00BFF3D2 /* DataChallenge.app */,
			);
			name = Products;
			sourceTree = "<group>";
		};
		7FD636072A75A95B00BFF3D2 /* DataChallenge */ = {
			isa = PBXGroup;
			children = (
				7F8850542A807EF5006CBABC /* CachedUser+CoreDataClass.swift */,
				7F8850552A807EF5006CBABC /* CachedUser+CoreDataProperties.swift */,
				7F8850562A807EF5006CBABC /* CachedFriend+CoreDataClass.swift */,
				7F8850572A807EF5006CBABC /* CachedFriend+CoreDataProperties.swift */,
				7F5124022A8074CE00B1A121 /* DataController.swift */,
				7FD636082A75A95B00BFF3D2 /* DataChallengeApp.swift */,
				7FD6360A2A75A95B00BFF3D2 /* ContentView.swift */,
				7F5123F52A806AE700B1A121 /* DetailView.swift */,
				7FD636162A75AA4B00BFF3D2 /* UsersUtils.swift */,
				7FD6360C2A75A95C00BFF3D2 /* Assets.xcassets */,
				7F8850492A807DFA006CBABC /* FriendFace.xcdatamodeld */,
				7FD6360E2A75A95C00BFF3D2 /* Preview Content */,
			);
			path = DataChallenge;
			sourceTree = "<group>";
		};
		7FD6360E2A75A95C00BFF3D2 /* Preview Content */ = {
			isa = PBXGroup;
			children = (
				7FD6360F2A75A95C00BFF3D2 /* Preview Assets.xcassets */,
			);
			path = "Preview Content";
			sourceTree = "<group>";
		};
/* End PBXGroup section */

/* Begin PBXNativeTarget section */
		7FD636042A75A95B00BFF3D2 /* DataChallenge */ = {
			isa = PBXNativeTarget;
			buildConfigurationList = 7FD636132A75A95C00BFF3D2 /* Build configuration list for PBXNativeTarget "DataChallenge" */;
			buildPhases = (
				7FD636012A75A95B00BFF3D2 /* Sources */,
				7FD636022A75A95B00BFF3D2 /* Frameworks */,
				7FD636032A75A95B00BFF3D2 /* Resources */,
			);
			buildRules = (
			);
			dependencies = (
			);
			name = DataChallenge;
			productName = DataChallenge;
			productReference = 7FD636052A75A95B00BFF3D2 /* DataChallenge.app */;
			productType = "com.apple.product-type.application";
		};
/* End PBXNativeTarget section */

/* Begin PBXProject section */
		7FD635FD2A75A95B00BFF3D2 /* Project object */ = {
			isa = PBXProject;
			attributes = {
				BuildIndependentTargetsInParallel = 1;
				LastSwiftUpdateCheck = 1430;
				LastUpgradeCheck = 1430;
				TargetAttributes = {
					7FD636042A75A95B00BFF3D2 = {
						CreatedOnToolsVersion = 14.3.1;
					};
				};
			};
			buildConfigurationList = 7FD636002A75A95B00BFF3D2 /* Build configuration list for PBXProject "DataChallenge" */;
			compatibilityVersion = "Xcode 14.0";
			developmentRegion = en;
			hasScannedForEncodings = 0;
			knownRegions = (
				en,
				Base,
			);
			mainGroup = 7FD635FC2A75A95B00BFF3D2;
			productRefGroup = 7FD636062A75A95B00BFF3D2 /* Products */;
			projectDirPath = "";
			projectRoot = "";
			targets = (
				7FD636042A75A95B00BFF3D2 /* DataChallenge */,
			);
		};
/* End PBXProject section */

/* Begin PBXResourcesBuildPhase section */
		7FD636032A75A95B00BFF3D2 /* Resources */ = {
			isa = PBXResourcesBuildPhase;
			buildActionMask = 2147483647;
			files = (
				7FD636102A75A95C00BFF3D2 /* Preview Assets.xcassets in Resources */,
				7FD6360D2A75A95C00BFF3D2 /* Assets.xcassets in Resources */,
			);
			runOnlyForDeploymentPostprocessing = 0;
		};
/* End PBXResourcesBuildPhase section */

/* Begin PBXSourcesBuildPhase section */
		7FD636012A75A95B00BFF3D2 /* Sources */ = {
			isa = PBXSourcesBuildPhase;
			buildActionMask = 2147483647;
			files = (
				7F88505A2A807EF5006CBABC /* CachedFriend+CoreDataClass.swift in Sources */,
				7F88505B2A807EF5006CBABC /* CachedFriend+CoreDataProperties.swift in Sources */,
				7F8850592A807EF5006CBABC /* CachedUser+CoreDataProperties.swift in Sources */,
				7F88504B2A807DFA006CBABC /* FriendFace.xcdatamodeld in Sources */,
				7FD636172A75AA4B00BFF3D2 /* UsersUtils.swift in Sources */,
				7F5123F62A806AE700B1A121 /* DetailView.swift in Sources */,
				7FD6360B2A75A95B00BFF3D2 /* ContentView.swift in Sources */,
				7F5124032A8074CE00B1A121 /* DataController.swift in Sources */,
				7F8850582A807EF5006CBABC /* CachedUser+CoreDataClass.swift in Sources */,
				7FD636092A75A95B00BFF3D2 /* DataChallengeApp.swift in Sources */,
			);
			runOnlyForDeploymentPostprocessing = 0;
		};
/* End PBXSourcesBuildPhase section */

/* Begin XCBuildConfiguration section */
		7FD636112A75A95C00BFF3D2 /* Debug */ = {
			isa = XCBuildConfiguration;
			buildSettings = {
				ALWAYS_SEARCH_USER_PATHS = NO;
				CLANG_ANALYZER_NONNULL = YES;
				CLANG_ANALYZER_NUMBER_OBJECT_CONVERSION = YES_AGGRESSIVE;
				CLANG_CXX_LANGUAGE_STANDARD = "gnu++20";
				CLANG_ENABLE_MODULES = YES;
				CLANG_ENABLE_OBJC_ARC = YES;
				CLANG_ENABLE_OBJC_WEAK = YES;
				CLANG_WARN_BLOCK_CAPTURE_AUTORELEASING = YES;
				CLANG_WARN_BOOL_CONVERSION = YES;
				CLANG_WARN_COMMA = YES;
				CLANG_WARN_CONSTANT_CONVERSION = YES;
				CLANG_WARN_DEPRECATED_OBJC_IMPLEMENTATIONS = YES;
				CLANG_WARN_DIRECT_OBJC_ISA_USAGE = YES_ERROR;
				CLANG_WARN_DOCUMENTATION_COMMENTS = YES;
				CLANG_WARN_EMPTY_BODY = YES;
				CLANG_WARN_ENUM_CONVERSION = YES;
				CLANG_WARN_INFINITE_RECURSION = YES;
				CLANG_WARN_INT_CONVERSION = YES;
				CLANG_WARN_NON_LITERAL_NULL_CONVERSION = YES;
				CLANG_WARN_OBJC_IMPLICIT_RETAIN_SELF = YES;
				CLANG_WARN_OBJC_LITERAL_CONVERSION = YES;
				CLANG_WARN_OBJC_ROOT_CLASS = YES_ERROR;
				CLANG_WARN_QUOTED_INCLUDE_IN_FRAMEWORK_HEADER = YES;
				CLANG_WARN_RANGE_LOOP_ANALYSIS = YES;
				CLANG_WARN_STRICT_PROTOTYPES = YES;
				CLANG_WARN_SUSPICIOUS_MOVE = YES;
				CLANG_WARN_UNGUARDED_AVAILABILITY = YES_AGGRESSIVE;
				CLANG_WARN_UNREACHABLE_CODE = YES;
				CLANG_WARN__DUPLICATE_METHOD_MATCH = YES;
				COPY_PHASE_STRIP = NO;
				DEBUG_INFORMATION_FORMAT = dwarf;
				ENABLE_STRICT_OBJC_MSGSEND = YES;
				ENABLE_TESTABILITY = YES;
				GCC_C_LANGUAGE_STANDARD = gnu11;
				GCC_DYNAMIC_NO_PIC = NO;
				GCC_NO_COMMON_BLOCKS = YES;
				GCC_OPTIMIZATION_LEVEL = 0;
				GCC_PREPROCESSOR_DEFINITIONS = (
					"DEBUG=1",
					"$(inherited)",
				);
				GCC_WARN_64_TO_32_BIT_CONVERSION = YES;
				GCC_WARN_ABOUT_RETURN_TYPE = YES_ERROR;
				GCC_WARN_UNDECLARED_SELECTOR = YES;
				GCC_WARN_UNINITIALIZED_AUTOS = YES_AGGRESSIVE;
				GCC_WARN_UNUSED_FUNCTION = YES;
				GCC_WARN_UNUSED_VARIABLE = YES;
				IPHONEOS_DEPLOYMENT_TARGET = 16.4;
				MTL_ENABLE_DEBUG_INFO = INCLUDE_SOURCE;
				MTL_FAST_MATH = YES;
				ONLY_ACTIVE_ARCH = YES;
				SDKROOT = iphoneos;
				SWIFT_ACTIVE_COMPILATION_CONDITIONS = DEBUG;
				SWIFT_OPTIMIZATION_LEVEL = "-Onone";
			};
			name = Debug;
		};
		7FD636122A75A95C00BFF3D2 /* Release */ = {
			isa = XCBuildConfiguration;
			buildSettings = {
				ALWAYS_SEARCH_USER_PATHS = NO;
				CLANG_ANALYZER_NONNULL = YES;
				CLANG_ANALYZER_NUMBER_OBJECT_CONVERSION = YES_AGGRESSIVE;
				CLANG_CXX_LANGUAGE_STANDARD = "gnu++20";
				CLANG_ENABLE_MODULES = YES;
				CLANG_ENABLE_OBJC_ARC = YES;
				CLANG_ENABLE_OBJC_WEAK = YES;
				CLANG_WARN_BLOCK_CAPTURE_AUTORELEASING = YES;
				CLANG_WARN_BOOL_CONVERSION = YES;
				CLANG_WARN_COMMA = YES;
				CLANG_WARN_CONSTANT_CONVERSION = YES;
				CLANG_WARN_DEPRECATED_OBJC_IMPLEMENTATIONS = YES;
				CLANG_WARN_DIRECT_OBJC_ISA_USAGE = YES_ERROR;
				CLANG_WARN_DOCUMENTATION_COMMENTS = YES;
				CLANG_WARN_EMPTY_BODY = YES;
				CLANG_WARN_ENUM_CONVERSION = YES;
				CLANG_WARN_INFINITE_RECURSION = YES;
				CLANG_WARN_INT_CONVERSION = YES;
				CLANG_WARN_NON_LITERAL_NULL_CONVERSION = YES;
				CLANG_WARN_OBJC_IMPLICIT_RETAIN_SELF = YES;
				CLANG_WARN_OBJC_LITERAL_CONVERSION = YES;
				CLANG_WARN_OBJC_ROOT_CLASS = YES_ERROR;
				CLANG_WARN_QUOTED_INCLUDE_IN_FRAMEWORK_HEADER = YES;
				CLANG_WARN_RANGE_LOOP_ANALYSIS = YES;
				CLANG_WARN_STRICT_PROTOTYPES = YES;
				CLANG_WARN_SUSPICIOUS_MOVE = YES;
				CLANG_WARN_UNGUARDED_AVAILABILITY = YES_AGGRESSIVE;
				CLANG_WARN_UNREACHABLE_CODE = YES;
				CLANG_WARN__DUPLICATE_METHOD_MATCH = YES;
				COPY_PHASE_STRIP = NO;
				DEBUG_INFORMATION_FORMAT = "dwarf-with-dsym";
				ENABLE_NS_ASSERTIONS = NO;
				ENABLE_STRICT_OBJC_MSGSEND = YES;
				GCC_C_LANGUAGE_STANDARD = gnu11;
				GCC_NO_COMMON_BLOCKS = YES;
				GCC_WARN_64_TO_32_BIT_CONVERSION = YES;
				GCC_WARN_ABOUT_RETURN_TYPE = YES_ERROR;
				GCC_WARN_UNDECLARED_SELECTOR = YES;
				GCC_WARN_UNINITIALIZED_AUTOS = YES_AGGRESSIVE;
				GCC_WARN_UNUSED_FUNCTION = YES;
				GCC_WARN_UNUSED_VARIABLE = YES;
				IPHONEOS_DEPLOYMENT_TARGET = 16.4;
				MTL_ENABLE_DEBUG_INFO = NO;
				MTL_FAST_MATH = YES;
				SDKROOT = iphoneos;
				SWIFT_COMPILATION_MODE = wholemodule;
				SWIFT_OPTIMIZATION_LEVEL = "-O";
				VALIDATE_PRODUCT = YES;
			};
			name = Release;
		};
		7FD636142A75A95C00BFF3D2 /* Debug */ = {
			isa = XCBuildConfiguration;
			buildSettings = {
				ASSETCATALOG_COMPILER_APPICON_NAME = AppIcon;
				ASSETCATALOG_COMPILER_GLOBAL_ACCENT_COLOR_NAME = AccentColor;
				CODE_SIGN_STYLE = Automatic;
				CURRENT_PROJECT_VERSION = 1;
				DEVELOPMENT_ASSET_PATHS = "\"DataChallenge/Preview Content\"";
				ENABLE_PREVIEWS = YES;
				GENERATE_INFOPLIST_FILE = YES;
				INFOPLIST_KEY_UIApplicationSceneManifest_Generation = YES;
				INFOPLIST_KEY_UIApplicationSupportsIndirectInputEvents = YES;
				INFOPLIST_KEY_UILaunchScreen_Generation = YES;
				INFOPLIST_KEY_UISupportedInterfaceOrientations_iPad = "UIInterfaceOrientationPortrait UIInterfaceOrientationPortraitUpsideDown UIInterfaceOrientationLandscapeLeft UIInterfaceOrientationLandscapeRight";
				INFOPLIST_KEY_UISupportedInterfaceOrientations_iPhone = "UIInterfaceOrientationPortrait UIInterfaceOrientationLandscapeLeft UIInterfaceOrientationLandscapeRight";
				LD_RUNPATH_SEARCH_PATHS = (
					"$(inherited)",
					"@executable_path/Frameworks",
				);
				MARKETING_VERSION = 1.0;
				PRODUCT_BUNDLE_IDENTIFIER = danielcamarena.DataChallenge;
				PRODUCT_NAME = "$(TARGET_NAME)";
				SWIFT_EMIT_LOC_STRINGS = YES;
				SWIFT_VERSION = 5.0;
				TARGETED_DEVICE_FAMILY = "1,2";
			};
			name = Debug;
		};
		7FD636152A75A95C00BFF3D2 /* Release */ = {
			isa = XCBuildConfiguration;
			buildSettings = {
				ASSETCATALOG_COMPILER_APPICON_NAME = AppIcon;
				ASSETCATALOG_COMPILER_GLOBAL_ACCENT_COLOR_NAME = AccentColor;
				CODE_SIGN_STYLE = Automatic;
				CURRENT_PROJECT_VERSION = 1;
				DEVELOPMENT_ASSET_PATHS = "\"DataChallenge/Preview Content\"";
				ENABLE_PREVIEWS = YES;
				GENERATE_INFOPLIST_FILE = YES;
				INFOPLIST_KEY_UIApplicationSceneManifest_Generation = YES;
				INFOPLIST_KEY_UIApplicationSupportsIndirectInputEvents = YES;
				INFOPLIST_KEY_UILaunchScreen_Generation = YES;
				INFOPLIST_KEY_UISupportedInterfaceOrientations_iPad = "UIInterfaceOrientationPortrait UIInterfaceOrientationPortraitUpsideDown UIInterfaceOrientationLandscapeLeft UIInterfaceOrientationLandscapeRight";
				INFOPLIST_KEY_UISupportedInterfaceOrientations_iPhone = "UIInterfaceOrientationPortrait UIInterfaceOrientationLandscapeLeft UIInterfaceOrientationLandscapeRight";
				LD_RUNPATH_SEARCH_PATHS = (
					"$(inherited)",
					"@executable_path/Frameworks",
				);
				MARKETING_VERSION = 1.0;
				PRODUCT_BUNDLE_IDENTIFIER = danielcamarena.DataChallenge;
				PRODUCT_NAME = "$(TARGET_NAME)";
				SWIFT_EMIT_LOC_STRINGS = YES;
				SWIFT_VERSION = 5.0;
				TARGETED_DEVICE_FAMILY = "1,2";
			};
			name = Release;
		};
/* End XCBuildConfiguration section */

/* Begin XCConfigurationList section */
		7FD636002A75A95B00BFF3D2 /* Build configuration list for PBXProject "DataChallenge" */ = {
			isa = XCConfigurationList;
			buildConfigurations = (
				7FD636112A75A95C00BFF3D2 /* Debug */,
				7FD636122A75A95C00BFF3D2 /* Release */,
			);
			defaultConfigurationIsVisible = 0;
			defaultConfigurationName = Release;
		};
		7FD636132A75A95C00BFF3D2 /* Build configuration list for PBXNativeTarget "DataChallenge" */ = {
			isa = XCConfigurationList;
			buildConfigurations = (
				7FD636142A75A95C00BFF3D2 /* Debug */,
				7FD636152A75A95C00BFF3D2 /* Release */,
			);
			defaultConfigurationIsVisible = 0;
			defaultConfigurationName = Release;
		};
/* End XCConfigurationList section */

/* Begin XCVersionGroup section */
		7F8850492A807DFA006CBABC /* FriendFace.xcdatamodeld */ = {
			isa = XCVersionGroup;
			children = (
				7F88504A2A807DFA006CBABC /* FriendFace.xcdatamodel */,
			);
			currentVersion = 7F88504A2A807DFA006CBABC /* FriendFace.xcdatamodel */;
			path = FriendFace.xcdatamodeld;
			sourceTree = "<group>";
			versionGroupType = wrapper.xcdatamodel;
		};
/* End XCVersionGroup section */
	};
	rootObject = 7FD635FD2A75A95B00BFF3D2 /* Project object */;
}
